
Microsoft Visual Studio Solution File, Format Version 12.00
# Visual Studio Version 17
VisualStudioVersion = 17.4.33205.214
MinimumVisualStudioVersion = 10.0.40219.1
Project("{FAE04EC0-301F-11D3-BF4B-00C04F79EFBC}") = "1.jun_príprava", "1.jun_príprava.csproj", "{59D09238-8A6D-4F68-A1E1-9E8CFA00979A}"
EndProject
Global
	GlobalSection(SolutionConfigurationPlatforms) = preSolution
		Debug|Any CPU = Debug|Any CPU
		Release|Any CPU = Release|Any CPU
	EndGlobalSection
	GlobalSection(ProjectConfigurationPlatforms) = postSolution
		{59D09238-8A6D-4F68-A1E1-9E8CFA00979A}.Debug|Any CPU.ActiveCfg = Debug|Any CPU
		{59D09238-8A6D-4F68-A1E1-9E8CFA00979A}.Debug|Any CPU.Build.0 = Debug|Any CPU
		{59D09238-8A6D-4F68-A1E1-9E8CFA00979A}.Release|Any CPU.ActiveCfg = Release|Any CPU
		{59D09238-8A6D-4F68-A1E1-9E8CFA00979A}.Release|Any CPU.Build.0 = Release|Any CPU
	EndGlobalSection
	GlobalSection(SolutionProperties) = preSolution
		HideSolutionNode = FALSE
	EndGlobalSection
	GlobalSection(ExtensibilityGlobals) = postSolution
		SolutionGuid = {6B083984-7F0E-4B77-BF83-1BE6DECACB96}
	EndGlobalSection
EndGlobal
